
Microsoft Visual Studio Solution File, Format Version 12.00
# Visual Studio 15
VisualStudioVersion = 15.0.26124.0
MinimumVisualStudioVersion = 15.0.26124.0
Project("{FAE04EC0-301F-11D3-BF4B-00C04F79EFBC}") = "Codeo.CQRS", "Codeo.CQRS\Codeo.CQRS.csproj", "{1DA657B0-6004-4D88-8E26-07FB18C88708}"
EndProject
Project("{FAE04EC0-301F-11D3-BF4B-00C04F79EFBC}") = "Codeo.CQRS.Tests", "Codeo.CQRS.Tests\Codeo.CQRS.Tests.csproj", "{B439FE7A-D07A-4829-AF94-49B6D26867B0}"
EndProject
Project("{FAE04EC0-301F-11D3-BF4B-00C04F79EFBC}") = "Codeo.CQRS.DapperDemo", "Codeo.CQRS.DapperDemo\Codeo.CQRS.DapperDemo.csproj", "{AB024738-1EC4-48AF-84EA-90F553485BC5}"
EndProject
Project("{FAE04EC0-301F-11D3-BF4B-00C04F79EFBC}") = "Codeo.CQRS.ContextProviders", "Codeo.CQRS.ContextProviders\Codeo.CQRS.ContextProviders.csproj", "{4771FC11-E9EE-479D-9E8F-80BA8287CA39}"
EndProject
Global
	GlobalSection(SolutionConfigurationPlatforms) = preSolution
		Debug|Any CPU = Debug|Any CPU
		Debug|x64 = Debug|x64
		Debug|x86 = Debug|x86
		Release|Any CPU = Release|Any CPU
		Release|x64 = Release|x64
		Release|x86 = Release|x86
	EndGlobalSection
	GlobalSection(SolutionProperties) = preSolution
		HideSolutionNode = FALSE
	EndGlobalSection
	GlobalSection(ProjectConfigurationPlatforms) = postSolution
		{1DA657B0-6004-4D88-8E26-07FB18C88708}.Debug|Any CPU.ActiveCfg = Debug|Any CPU
		{1DA657B0-6004-4D88-8E26-07FB18C88708}.Debug|Any CPU.Build.0 = Debug|Any CPU
		{1DA657B0-6004-4D88-8E26-07FB18C88708}.Debug|x64.ActiveCfg = Debug|Any CPU
		{1DA657B0-6004-4D88-8E26-07FB18C88708}.Debug|x64.Build.0 = Debug|Any CPU
		{1DA657B0-6004-4D88-8E26-07FB18C88708}.Debug|x86.ActiveCfg = Debug|Any CPU
		{1DA657B0-6004-4D88-8E26-07FB18C88708}.Debug|x86.Build.0 = Debug|Any CPU
		{1DA657B0-6004-4D88-8E26-07FB18C88708}.Release|Any CPU.ActiveCfg = Release|Any CPU
		{1DA657B0-6004-4D88-8E26-07FB18C88708}.Release|Any CPU.Build.0 = Release|Any CPU
		{1DA657B0-6004-4D88-8E26-07FB18C88708}.Release|x64.ActiveCfg = Release|Any CPU
		{1DA657B0-6004-4D88-8E26-07FB18C88708}.Release|x64.Build.0 = Release|Any CPU
		{1DA657B0-6004-4D88-8E26-07FB18C88708}.Release|x86.ActiveCfg = Release|Any CPU
		{1DA657B0-6004-4D88-8E26-07FB18C88708}.Release|x86.Build.0 = Release|Any CPU
		{B439FE7A-D07A-4829-AF94-49B6D26867B0}.Debug|Any CPU.ActiveCfg = Debug|Any CPU
		{B439FE7A-D07A-4829-AF94-49B6D26867B0}.Debug|Any CPU.Build.0 = Debug|Any CPU
		{B439FE7A-D07A-4829-AF94-49B6D26867B0}.Debug|x64.ActiveCfg = Debug|Any CPU
		{B439FE7A-D07A-4829-AF94-49B6D26867B0}.Debug|x64.Build.0 = Debug|Any CPU
		{B439FE7A-D07A-4829-AF94-49B6D26867B0}.Debug|x86.ActiveCfg = Debug|Any CPU
		{B439FE7A-D07A-4829-AF94-49B6D26867B0}.Debug|x86.Build.0 = Debug|Any CPU
		{B439FE7A-D07A-4829-AF94-49B6D26867B0}.Release|Any CPU.ActiveCfg = Release|Any CPU
		{B439FE7A-D07A-4829-AF94-49B6D26867B0}.Release|Any CPU.Build.0 = Release|Any CPU
		{B439FE7A-D07A-4829-AF94-49B6D26867B0}.Release|x64.ActiveCfg = Release|Any CPU
		{B439FE7A-D07A-4829-AF94-49B6D26867B0}.Release|x64.Build.0 = Release|Any CPU
		{B439FE7A-D07A-4829-AF94-49B6D26867B0}.Release|x86.ActiveCfg = Release|Any CPU
		{B439FE7A-D07A-4829-AF94-49B6D26867B0}.Release|x86.Build.0 = Release|Any CPU
		{AB024738-1EC4-48AF-84EA-90F553485BC5}.Debug|Any CPU.ActiveCfg = Debug|Any CPU
		{AB024738-1EC4-48AF-84EA-90F553485BC5}.Debug|Any CPU.Build.0 = Debug|Any CPU
		{AB024738-1EC4-48AF-84EA-90F553485BC5}.Debug|x64.ActiveCfg = Debug|Any CPU
		{AB024738-1EC4-48AF-84EA-90F553485BC5}.Debug|x64.Build.0 = Debug|Any CPU
		{AB024738-1EC4-48AF-84EA-90F553485BC5}.Debug|x86.ActiveCfg = Debug|Any CPU
		{AB024738-1EC4-48AF-84EA-90F553485BC5}.Debug|x86.Build.0 = Debug|Any CPU
		{AB024738-1EC4-48AF-84EA-90F553485BC5}.Release|Any CPU.ActiveCfg = Release|Any CPU
		{AB024738-1EC4-48AF-84EA-90F553485BC5}.Release|Any CPU.Build.0 = Release|Any CPU
		{AB024738-1EC4-48AF-84EA-90F553485BC5}.Release|x64.ActiveCfg = Release|Any CPU
		{AB024738-1EC4-48AF-84EA-90F553485BC5}.Release|x64.Build.0 = Release|Any CPU
		{AB024738-1EC4-48AF-84EA-90F553485BC5}.Release|x86.ActiveCfg = Release|Any CPU
		{AB024738-1EC4-48AF-84EA-90F553485BC5}.Release|x86.Build.0 = Release|Any CPU
		{4771FC11-E9EE-479D-9E8F-80BA8287CA39}.Debug|Any CPU.ActiveCfg = Debug|Any CPU
		{4771FC11-E9EE-479D-9E8F-80BA8287CA39}.Debug|Any CPU.Build.0 = Debug|Any CPU
		{4771FC11-E9EE-479D-9E8F-80BA8287CA39}.Debug|x64.ActiveCfg = Debug|Any CPU
		{4771FC11-E9EE-479D-9E8F-80BA8287CA39}.Debug|x64.Build.0 = Debug|Any CPU
		{4771FC11-E9EE-479D-9E8F-80BA8287CA39}.Debug|x86.ActiveCfg = Debug|Any CPU
		{4771FC11-E9EE-479D-9E8F-80BA8287CA39}.Debug|x86.Build.0 = Debug|Any CPU
		{4771FC11-E9EE-479D-9E8F-80BA8287CA39}.Release|Any CPU.ActiveCfg = Release|Any CPU
		{4771FC11-E9EE-479D-9E8F-80BA8287CA39}.Release|Any CPU.Build.0 = Release|Any CPU
		{4771FC11-E9EE-479D-9E8F-80BA8287CA39}.Release|x64.ActiveCfg = Release|Any CPU
		{4771FC11-E9EE-479D-9E8F-80BA8287CA39}.Release|x64.Build.0 = Release|Any CPU
		{4771FC11-E9EE-479D-9E8F-80BA8287CA39}.Release|x86.ActiveCfg = Release|Any CPU
		{4771FC11-E9EE-479D-9E8F-80BA8287CA39}.Release|x86.Build.0 = Release|Any CPU
	EndGlobalSection
EndGlobal
